{
  "version": 4,
  "terraform_version": "0.12.8",
  "serial": 15,
  "lineage": "fa1f7a66-542a-df98-a69a-33808ed7aea5",
  "outputs": {
    "external_ip_address_gitlab": {
      "value": [
        "178.154.247.141"
      ],
      "type": [
        "tuple",
        [
          "string"
        ]
      ]
    }
  },
  "resources": [
    {
      "mode": "managed",
      "type": "yandex_compute_instance",
      "name": "gitlab",
      "provider": "provider.yandex",
      "instances": [
        {
          "schema_version": 1,
          "attributes": {
            "allow_stopping_for_update": null,
            "boot_disk": [
              {
                "auto_delete": true,
                "device_name": "fhmg24fdcbol2pi7s1o8",
                "disk_id": "fhmg24fdcbol2pi7s1o8",
                "initialize_params": [
                  {
                    "description": "",
                    "image_id": "fd87va5cc00gaq2f5qfb",
                    "name": "",
                    "size": 50,
                    "snapshot_id": "",
                    "type": "network-hdd"
                  }
                ],
                "mode": "READ_WRITE"
              }
            ],
            "created_at": "2021-01-24T08:43:08Z",
            "description": "",
            "folder_id": "b1g7ofc9eqj0bplnnief",
            "fqdn": "fhmropccqrqrlokmp034.auto.internal",
            "hostname": "fhmropccqrqrlokmp034",
            "id": "fhmropccqrqrlokmp034",
            "labels": null,
            "metadata": {
              "ssh-keys": "ubuntu:ssh-rsa AAAAB3NzaC1yc2EAAAADAQABAAABAQDfRuCnx1PxmJek4mv+So7f/cXvPjjmcbCym37ioEkXkAa+lcHQzkUw+ejBdpMYaiWUN6gfEi2VoidYt0eaAOMeLiqrMJbWHtpYqelPg5Y8/hlUDMh2RvIEXdFGdbSEPGw8x3XENdpOemJFibD82ZMyjvcBSUJOsieGkeo9JTWWS6dpG2fI1PRuMqcE6VN313r1GVrxU8VxlgT0sTx/4+zu/8QyIh7krNn3uvzDjtYMRfHPCegKpQ1qlklljucYi2ZAjqgaY+OKXoQvX6EQSggGU7NVzQhly07ZOZZgEOOeR1Vx2hYEq4dzpSUhQ6MvuAS15LBIBV0nimFDR77XMmYN appuser\n"
            },
            "name": "gitlab",
            "network_acceleration_type": "standard",
            "network_interface": [
              {
                "index": 0,
                "ip_address": "10.130.0.4",
                "ipv4": true,
                "ipv6": false,
                "ipv6_address": "",
                "mac_address": "d0:0d:1b:c6:58:cd",
                "nat": true,
                "nat_ip_address": "178.154.247.141",
                "nat_ip_version": "IPV4",
                "security_group_ids": [],
                "subnet_id": "e9bbsris6d2huf7jv1pe"
              }
            ],
            "platform_id": "standard-v1",
            "resources": [
              {
                "core_fraction": 100,
                "cores": 4,
                "gpus": 0,
                "memory": 8
              }
            ],
            "scheduling_policy": [
              {
                "preemptible": false
              }
            ],
            "secondary_disk": [],
            "service_account_id": "",
            "status": "running",
            "timeouts": null,
            "zone": "ru-central1-a"
          },
          "private": "eyJlMmJmYjczMC1lY2FhLTExZTYtOGY4OC0zNDM2M2JjN2M0YzAiOnsiY3JlYXRlIjozMDAwMDAwMDAwMDAsImRlbGV0ZSI6MzAwMDAwMDAwMDAwLCJ1cGRhdGUiOjMwMDAwMDAwMDAwMH0sInNjaGVtYV92ZXJzaW9uIjoiMSJ9"
        }
      ]
    }
  ]
}
